
Microsoft Visual Studio Solution File, Format Version 12.00
# Visual Studio Version 16
VisualStudioVersion = 16.0.28803.452
MinimumVisualStudioVersion = 10.0.40219.1
Project("{9A19103F-16F7-4668-BE54-9A1E7A4F7556}") = "TesserNet", "TesserNet\TesserNet.csproj", "{98D03E85-6685-40E1-B2FC-173636F955CD}"
EndProject
Project("{9A19103F-16F7-4668-BE54-9A1E7A4F7556}") = "TesserNet.Tests", "TesserNet.Tests\TesserNet.Tests.csproj", "{2E467823-D21D-4856-B643-6A8712AC3F0E}"
EndProject
Project("{9A19103F-16F7-4668-BE54-9A1E7A4F7556}") = "TesserNet.System.Drawing", "TesserNet.System.Drawing\TesserNet.System.Drawing.csproj", "{B70F5950-175A-42BD-A164-EE7FE2977D3D}"
EndProject
Project("{FAE04EC0-301F-11D3-BF4B-00C04F79EFBC}") = "TesserNet.Example.System.Drawing", "TesserNet.Example.System.Drawing\TesserNet.Example.System.Drawing.csproj", "{DA52B301-D81D-4AD1-9BD7-EB567D1FB176}"
EndProject
Project("{FAE04EC0-301F-11D3-BF4B-00C04F79EFBC}") = "TesserNet.ImageSharp", "TesserNet.ImageSharp\TesserNet.ImageSharp.csproj", "{AE1BA00D-D8E1-4726-A969-C54E02D8985C}"
EndProject
Project("{FAE04EC0-301F-11D3-BF4B-00C04F79EFBC}") = "TesserNet.Example.ImageSharp", "TesserNet.Example.ImageSharp\TesserNet.Example.ImageSharp.csproj", "{271E16DD-D0EF-43A4-846D-7FC0C84867B6}"
EndProject
Global
	GlobalSection(SolutionConfigurationPlatforms) = preSolution
		Debug|Any CPU = Debug|Any CPU
		Release|Any CPU = Release|Any CPU
	EndGlobalSection
	GlobalSection(ProjectConfigurationPlatforms) = postSolution
		{98D03E85-6685-40E1-B2FC-173636F955CD}.Debug|Any CPU.ActiveCfg = Debug|Any CPU
		{98D03E85-6685-40E1-B2FC-173636F955CD}.Debug|Any CPU.Build.0 = Debug|Any CPU
		{98D03E85-6685-40E1-B2FC-173636F955CD}.Release|Any CPU.ActiveCfg = Release|Any CPU
		{98D03E85-6685-40E1-B2FC-173636F955CD}.Release|Any CPU.Build.0 = Release|Any CPU
		{2E467823-D21D-4856-B643-6A8712AC3F0E}.Debug|Any CPU.ActiveCfg = Debug|Any CPU
		{2E467823-D21D-4856-B643-6A8712AC3F0E}.Debug|Any CPU.Build.0 = Debug|Any CPU
		{2E467823-D21D-4856-B643-6A8712AC3F0E}.Release|Any CPU.ActiveCfg = Release|Any CPU
		{2E467823-D21D-4856-B643-6A8712AC3F0E}.Release|Any CPU.Build.0 = Release|Any CPU
		{B70F5950-175A-42BD-A164-EE7FE2977D3D}.Debug|Any CPU.ActiveCfg = Debug|Any CPU
		{B70F5950-175A-42BD-A164-EE7FE2977D3D}.Debug|Any CPU.Build.0 = Debug|Any CPU
		{B70F5950-175A-42BD-A164-EE7FE2977D3D}.Release|Any CPU.ActiveCfg = Release|Any CPU
		{B70F5950-175A-42BD-A164-EE7FE2977D3D}.Release|Any CPU.Build.0 = Release|Any CPU
		{DA52B301-D81D-4AD1-9BD7-EB567D1FB176}.Debug|Any CPU.ActiveCfg = Debug|Any CPU
		{DA52B301-D81D-4AD1-9BD7-EB567D1FB176}.Debug|Any CPU.Build.0 = Debug|Any CPU
		{DA52B301-D81D-4AD1-9BD7-EB567D1FB176}.Release|Any CPU.ActiveCfg = Release|Any CPU
		{DA52B301-D81D-4AD1-9BD7-EB567D1FB176}.Release|Any CPU.Build.0 = Release|Any CPU
		{AE1BA00D-D8E1-4726-A969-C54E02D8985C}.Debug|Any CPU.ActiveCfg = Debug|Any CPU
		{AE1BA00D-D8E1-4726-A969-C54E02D8985C}.Debug|Any CPU.Build.0 = Debug|Any CPU
		{AE1BA00D-D8E1-4726-A969-C54E02D8985C}.Release|Any CPU.ActiveCfg = Release|Any CPU
		{AE1BA00D-D8E1-4726-A969-C54E02D8985C}.Release|Any CPU.Build.0 = Release|Any CPU
		{271E16DD-D0EF-43A4-846D-7FC0C84867B6}.Debug|Any CPU.ActiveCfg = Debug|Any CPU
		{271E16DD-D0EF-43A4-846D-7FC0C84867B6}.Debug|Any CPU.Build.0 = Debug|Any CPU
		{271E16DD-D0EF-43A4-846D-7FC0C84867B6}.Release|Any CPU.ActiveCfg = Release|Any CPU
		{271E16DD-D0EF-43A4-846D-7FC0C84867B6}.Release|Any CPU.Build.0 = Release|Any CPU
	EndGlobalSection
	GlobalSection(SolutionProperties) = preSolution
		HideSolutionNode = FALSE
	EndGlobalSection
	GlobalSection(ExtensibilityGlobals) = postSolution
		SolutionGuid = {543B2CD5-02AB-4379-9D7F-045CA7223CC4}
	EndGlobalSection
EndGlobal
